
Microsoft Visual Studio Solution File, Format Version 12.00
Project("{FAE04EC0-301F-11D3-BF4B-00C04F79EFBC}") = "Circles.Market.Api", "..\Circles.Market.Api\Circles.Market.Api.csproj", "{DD9C531C-743F-41AB-B7B7-C349A1AFA494}"
EndProject
Project("{FAE04EC0-301F-11D3-BF4B-00C04F79EFBC}") = "Circles.Market.Adapters.Odoo", "..\Circles.Market.Adapters.Odoo\Circles.Market.Adapters.Odoo.csproj", "{154F9551-08AA-4805-A0B9-3B0923A44668}"
EndProject
Project("{FAE04EC0-301F-11D3-BF4B-00C04F79EFBC}") = "Circles.Market.Adapters.CodeDispenser", "..\Circles.Market.Adapters.CodeDispenser\Circles.Market.Adapters.CodeDispenser.csproj", "{1D45569A-EC3B-467A-BBE8-592CEDBB5DE7}"
EndProject
Project("{FAE04EC0-301F-11D3-BF4B-00C04F79EFBC}") = "Circles.Market.Shared", "..\Circles.Market.Shared\Circles.Market.Shared.csproj", "{15767FBE-79F8-469C-A310-F55AEA2D0A4B}"
EndProject
Project("{FAE04EC0-301F-11D3-BF4B-00C04F79EFBC}") = "Circles.Market.Tests", "..\Circles.Market.Tests\Circles.Market.Tests.csproj", "{D930105F-D2A4-4B23-9D0D-3CA7B0081005}"
EndProject
Global
	GlobalSection(SolutionConfigurationPlatforms) = preSolution
		Debug|Any CPU = Debug|Any CPU
		Debug|x64 = Debug|x64
		Debug|x86 = Debug|x86
		Release|Any CPU = Release|Any CPU
		Release|x64 = Release|x64
		Release|x86 = Release|x86
	EndGlobalSection
	GlobalSection(ProjectConfigurationPlatforms) = postSolution
		{DD9C531C-743F-41AB-B7B7-C349A1AFA494}.Debug|Any CPU.ActiveCfg = Debug|Any CPU
		{DD9C531C-743F-41AB-B7B7-C349A1AFA494}.Debug|Any CPU.Build.0 = Debug|Any CPU
		{DD9C531C-743F-41AB-B7B7-C349A1AFA494}.Debug|x64.ActiveCfg = Debug|Any CPU
		{DD9C531C-743F-41AB-B7B7-C349A1AFA494}.Debug|x64.Build.0 = Debug|Any CPU
		{DD9C531C-743F-41AB-B7B7-C349A1AFA494}.Debug|x86.ActiveCfg = Debug|Any CPU
		{DD9C531C-743F-41AB-B7B7-C349A1AFA494}.Debug|x86.Build.0 = Debug|Any CPU
		{DD9C531C-743F-41AB-B7B7-C349A1AFA494}.Release|Any CPU.ActiveCfg = Release|Any CPU
		{DD9C531C-743F-41AB-B7B7-C349A1AFA494}.Release|Any CPU.Build.0 = Release|Any CPU
		{DD9C531C-743F-41AB-B7B7-C349A1AFA494}.Release|x64.ActiveCfg = Release|Any CPU
		{DD9C531C-743F-41AB-B7B7-C349A1AFA494}.Release|x64.Build.0 = Release|Any CPU
		{DD9C531C-743F-41AB-B7B7-C349A1AFA494}.Release|x86.ActiveCfg = Release|Any CPU
		{DD9C531C-743F-41AB-B7B7-C349A1AFA494}.Release|x86.Build.0 = Release|Any CPU
		{154F9551-08AA-4805-A0B9-3B0923A44668}.Debug|Any CPU.ActiveCfg = Debug|Any CPU
		{154F9551-08AA-4805-A0B9-3B0923A44668}.Debug|Any CPU.Build.0 = Debug|Any CPU
		{154F9551-08AA-4805-A0B9-3B0923A44668}.Debug|x64.ActiveCfg = Debug|Any CPU
		{154F9551-08AA-4805-A0B9-3B0923A44668}.Debug|x64.Build.0 = Debug|Any CPU
		{154F9551-08AA-4805-A0B9-3B0923A44668}.Debug|x86.ActiveCfg = Debug|Any CPU
		{154F9551-08AA-4805-A0B9-3B0923A44668}.Debug|x86.Build.0 = Debug|Any CPU
		{154F9551-08AA-4805-A0B9-3B0923A44668}.Release|Any CPU.ActiveCfg = Release|Any CPU
		{154F9551-08AA-4805-A0B9-3B0923A44668}.Release|Any CPU.Build.0 = Release|Any CPU
		{154F9551-08AA-4805-A0B9-3B0923A44668}.Release|x64.ActiveCfg = Release|Any CPU
		{154F9551-08AA-4805-A0B9-3B0923A44668}.Release|x64.Build.0 = Release|Any CPU
		{154F9551-08AA-4805-A0B9-3B0923A44668}.Release|x86.ActiveCfg = Release|Any CPU
		{154F9551-08AA-4805-A0B9-3B0923A44668}.Release|x86.Build.0 = Release|Any CPU
		{1D45569A-EC3B-467A-BBE8-592CEDBB5DE7}.Debug|Any CPU.ActiveCfg = Debug|Any CPU
		{1D45569A-EC3B-467A-BBE8-592CEDBB5DE7}.Debug|Any CPU.Build.0 = Debug|Any CPU
		{1D45569A-EC3B-467A-BBE8-592CEDBB5DE7}.Debug|x64.ActiveCfg = Debug|Any CPU
		{1D45569A-EC3B-467A-BBE8-592CEDBB5DE7}.Debug|x64.Build.0 = Debug|Any CPU
		{1D45569A-EC3B-467A-BBE8-592CEDBB5DE7}.Debug|x86.ActiveCfg = Debug|Any CPU
		{1D45569A-EC3B-467A-BBE8-592CEDBB5DE7}.Debug|x86.Build.0 = Debug|Any CPU
		{1D45569A-EC3B-467A-BBE8-592CEDBB5DE7}.Release|Any CPU.ActiveCfg = Release|Any CPU
		{1D45569A-EC3B-467A-BBE8-592CEDBB5DE7}.Release|Any CPU.Build.0 = Release|Any CPU
		{1D45569A-EC3B-467A-BBE8-592CEDBB5DE7}.Release|x64.ActiveCfg = Release|Any CPU
		{1D45569A-EC3B-467A-BBE8-592CEDBB5DE7}.Release|x64.Build.0 = Release|Any CPU
		{1D45569A-EC3B-467A-BBE8-592CEDBB5DE7}.Release|x86.ActiveCfg = Release|Any CPU
		{1D45569A-EC3B-467A-BBE8-592CEDBB5DE7}.Release|x86.Build.0 = Release|Any CPU
		{15767FBE-79F8-469C-A310-F55AEA2D0A4B}.Debug|Any CPU.ActiveCfg = Debug|Any CPU
		{15767FBE-79F8-469C-A310-F55AEA2D0A4B}.Debug|Any CPU.Build.0 = Debug|Any CPU
		{15767FBE-79F8-469C-A310-F55AEA2D0A4B}.Debug|x64.ActiveCfg = Debug|Any CPU
		{15767FBE-79F8-469C-A310-F55AEA2D0A4B}.Debug|x64.Build.0 = Debug|Any CPU
		{15767FBE-79F8-469C-A310-F55AEA2D0A4B}.Debug|x86.ActiveCfg = Debug|Any CPU
		{15767FBE-79F8-469C-A310-F55AEA2D0A4B}.Debug|x86.Build.0 = Debug|Any CPU
		{15767FBE-79F8-469C-A310-F55AEA2D0A4B}.Release|Any CPU.ActiveCfg = Release|Any CPU
		{15767FBE-79F8-469C-A310-F55AEA2D0A4B}.Release|Any CPU.Build.0 = Release|Any CPU
		{15767FBE-79F8-469C-A310-F55AEA2D0A4B}.Release|x64.ActiveCfg = Release|Any CPU
		{15767FBE-79F8-469C-A310-F55AEA2D0A4B}.Release|x64.Build.0 = Release|Any CPU
		{15767FBE-79F8-469C-A310-F55AEA2D0A4B}.Release|x86.ActiveCfg = Release|Any CPU
		{15767FBE-79F8-469C-A310-F55AEA2D0A4B}.Release|x86.Build.0 = Release|Any CPU
		{D930105F-D2A4-4B23-9D0D-3CA7B0081005}.Debug|Any CPU.ActiveCfg = Debug|Any CPU
		{D930105F-D2A4-4B23-9D0D-3CA7B0081005}.Debug|Any CPU.Build.0 = Debug|Any CPU
		{D930105F-D2A4-4B23-9D0D-3CA7B0081005}.Debug|x64.ActiveCfg = Debug|Any CPU
		{D930105F-D2A4-4B23-9D0D-3CA7B0081005}.Debug|x64.Build.0 = Debug|Any CPU
		{D930105F-D2A4-4B23-9D0D-3CA7B0081005}.Debug|x86.ActiveCfg = Debug|Any CPU
		{D930105F-D2A4-4B23-9D0D-3CA7B0081005}.Debug|x86.Build.0 = Debug|Any CPU
		{D930105F-D2A4-4B23-9D0D-3CA7B0081005}.Release|Any CPU.ActiveCfg = Release|Any CPU
		{D930105F-D2A4-4B23-9D0D-3CA7B0081005}.Release|Any CPU.Build.0 = Release|Any CPU
		{D930105F-D2A4-4B23-9D0D-3CA7B0081005}.Release|x64.ActiveCfg = Release|Any CPU
		{D930105F-D2A4-4B23-9D0D-3CA7B0081005}.Release|x64.Build.0 = Release|Any CPU
		{D930105F-D2A4-4B23-9D0D-3CA7B0081005}.Release|x86.ActiveCfg = Release|Any CPU
		{D930105F-D2A4-4B23-9D0D-3CA7B0081005}.Release|x86.Build.0 = Release|Any CPU
	EndGlobalSection
	GlobalSection(SolutionProperties) = preSolution
		HideSolutionNode = FALSE
	EndGlobalSection
EndGlobal
